
Microsoft Visual Studio Solution File, Format Version 12.00
# Visual Studio 2013
VisualStudioVersion = 12.0.21005.1
MinimumVisualStudioVersion = 10.0.40219.1
Project("{FAE04EC0-301F-11D3-BF4B-00C04F79EFBC}") = "StudentManagements", "StudentManagements\StudentManagements.csproj", "{70187688-C739-40AE-AFBA-35A553E9377E}"
EndProject
Project("{6141683F-8A12-4E36-9623-2EB02B2C2303}") = "StudentManagementSetup", "StudentManagementSetup\StudentManagementSetup.isproj", "{9D080545-7896-45DF-912E-B4E0F6D98DF0}"
	ProjectSection(ProjectDependencies) = postProject
		{70187688-C739-40AE-AFBA-35A553E9377E} = {70187688-C739-40AE-AFBA-35A553E9377E}
	EndProjectSection
EndProject
Global
	GlobalSection(SolutionConfigurationPlatforms) = preSolution
		CD_ROM|Any CPU = CD_ROM|Any CPU
		Debug|Any CPU = Debug|Any CPU
		DVD-5|Any CPU = DVD-5|Any CPU
		Release|Any CPU = Release|Any CPU
		SingleImage|Any CPU = SingleImage|Any CPU
	EndGlobalSection
	GlobalSection(ProjectConfigurationPlatforms) = postSolution
		{70187688-C739-40AE-AFBA-35A553E9377E}.CD_ROM|Any CPU.ActiveCfg = Release|Any CPU
		{70187688-C739-40AE-AFBA-35A553E9377E}.CD_ROM|Any CPU.Build.0 = Release|Any CPU
		{70187688-C739-40AE-AFBA-35A553E9377E}.Debug|Any CPU.ActiveCfg = Debug|Any CPU
		{70187688-C739-40AE-AFBA-35A553E9377E}.Debug|Any CPU.Build.0 = Debug|Any CPU
		{70187688-C739-40AE-AFBA-35A553E9377E}.DVD-5|Any CPU.ActiveCfg = Debug|Any CPU
		{70187688-C739-40AE-AFBA-35A553E9377E}.DVD-5|Any CPU.Build.0 = Debug|Any CPU
		{70187688-C739-40AE-AFBA-35A553E9377E}.Release|Any CPU.ActiveCfg = Release|Any CPU
		{70187688-C739-40AE-AFBA-35A553E9377E}.Release|Any CPU.Build.0 = Release|Any CPU
		{70187688-C739-40AE-AFBA-35A553E9377E}.SingleImage|Any CPU.ActiveCfg = Release|Any CPU
		{70187688-C739-40AE-AFBA-35A553E9377E}.SingleImage|Any CPU.Build.0 = Release|Any CPU
		{9D080545-7896-45DF-912E-B4E0F6D98DF0}.CD_ROM|Any CPU.ActiveCfg = CD_ROM
		{9D080545-7896-45DF-912E-B4E0F6D98DF0}.CD_ROM|Any CPU.Build.0 = CD_ROM
		{9D080545-7896-45DF-912E-B4E0F6D98DF0}.Debug|Any CPU.ActiveCfg = DVD-5
		{9D080545-7896-45DF-912E-B4E0F6D98DF0}.Debug|Any CPU.Build.0 = DVD-5
		{9D080545-7896-45DF-912E-B4E0F6D98DF0}.DVD-5|Any CPU.ActiveCfg = DVD-5
		{9D080545-7896-45DF-912E-B4E0F6D98DF0}.DVD-5|Any CPU.Build.0 = DVD-5
		{9D080545-7896-45DF-912E-B4E0F6D98DF0}.Release|Any CPU.ActiveCfg = SingleImage
		{9D080545-7896-45DF-912E-B4E0F6D98DF0}.Release|Any CPU.Build.0 = SingleImage
		{9D080545-7896-45DF-912E-B4E0F6D98DF0}.SingleImage|Any CPU.ActiveCfg = SingleImage
		{9D080545-7896-45DF-912E-B4E0F6D98DF0}.SingleImage|Any CPU.Build.0 = SingleImage
	EndGlobalSection
	GlobalSection(SolutionProperties) = preSolution
		HideSolutionNode = FALSE
	EndGlobalSection
EndGlobal
